
Microsoft Visual Studio Solution File, Format Version 12.00
# Visual Studio 15
VisualStudioVersion = 15.0.28307.168
MinimumVisualStudioVersion = 10.0.40219.1
Project("{9A19103F-16F7-4668-BE54-9A1E7A4F7556}") = "XStcoker2_Backend", "XStcoker2_Backend.csproj", "{D4C10423-C389-41E5-9727-6FF1B7048794}"
EndProject
Global
	GlobalSection(SolutionConfigurationPlatforms) = preSolution
		Debug|Any CPU = Debug|Any CPU
		Release|Any CPU = Release|Any CPU
	EndGlobalSection
	GlobalSection(ProjectConfigurationPlatforms) = postSolution
		{D4C10423-C389-41E5-9727-6FF1B7048794}.Debug|Any CPU.ActiveCfg = Debug|Any CPU
		{D4C10423-C389-41E5-9727-6FF1B7048794}.Debug|Any CPU.Build.0 = Debug|Any CPU
		{D4C10423-C389-41E5-9727-6FF1B7048794}.Release|Any CPU.ActiveCfg = Release|Any CPU
		{D4C10423-C389-41E5-9727-6FF1B7048794}.Release|Any CPU.Build.0 = Release|Any CPU
	EndGlobalSection
	GlobalSection(SolutionProperties) = preSolution
		HideSolutionNode = FALSE
	EndGlobalSection
	GlobalSection(ExtensibilityGlobals) = postSolution
		SolutionGuid = {286A88FC-EFD7-4CF3-8AAD-6CC3555E0254}
	EndGlobalSection
EndGlobal
